
Microsoft Visual Studio Solution File, Format Version 12.00
# Visual Studio Version 16
VisualStudioVersion = 16.0.30907.101
MinimumVisualStudioVersion = 10.0.40219.1
Project("{FAE04EC0-301F-11D3-BF4B-00C04F79EFBC}") = "Horizon-TechTest", "Horizon-TechTest\Horizon-TechTest.csproj", "{358723F5-A651-4BB6-B151-5E98A7652188}"
EndProject
Project("{FAE04EC0-301F-11D3-BF4B-00C04F79EFBC}") = "Horizon-TechTest.Tests", "Horizon-TechTest.Tests\Horizon-TechTest.Tests.csproj", "{3BA90C9A-99A5-4229-8FFE-E0082FF253C9}"
EndProject
Global
	GlobalSection(SolutionConfigurationPlatforms) = preSolution
		Debug|Any CPU = Debug|Any CPU
		Release|Any CPU = Release|Any CPU
	EndGlobalSection
	GlobalSection(ProjectConfigurationPlatforms) = postSolution
		{358723F5-A651-4BB6-B151-5E98A7652188}.Debug|Any CPU.ActiveCfg = Debug|Any CPU
		{358723F5-A651-4BB6-B151-5E98A7652188}.Debug|Any CPU.Build.0 = Debug|Any CPU
		{358723F5-A651-4BB6-B151-5E98A7652188}.Release|Any CPU.ActiveCfg = Release|Any CPU
		{358723F5-A651-4BB6-B151-5E98A7652188}.Release|Any CPU.Build.0 = Release|Any CPU
		{3BA90C9A-99A5-4229-8FFE-E0082FF253C9}.Debug|Any CPU.ActiveCfg = Debug|Any CPU
		{3BA90C9A-99A5-4229-8FFE-E0082FF253C9}.Debug|Any CPU.Build.0 = Debug|Any CPU
		{3BA90C9A-99A5-4229-8FFE-E0082FF253C9}.Release|Any CPU.ActiveCfg = Release|Any CPU
		{3BA90C9A-99A5-4229-8FFE-E0082FF253C9}.Release|Any CPU.Build.0 = Release|Any CPU
	EndGlobalSection
	GlobalSection(SolutionProperties) = preSolution
		HideSolutionNode = FALSE
	EndGlobalSection
	GlobalSection(ExtensibilityGlobals) = postSolution
		SolutionGuid = {2546BA99-AE0A-4D82-AAE4-D24E665DAEFB}
	EndGlobalSection
EndGlobal
